Microsoft Visual Studio Solution File, Format Version 12.00
# Visual Studio 2012
Project("{FAE04EC0-301F-11D3-BF4B-00C04F79EFBC}") = "SpacetimeZombies", "SpacetimeZombies.csproj", "{A55A92B1-51D3-4F0B-A24B-C93DF62E82FC}"
EndProject
Global
	GlobalSection(SolutionConfigurationPlatforms) = preSolution
	Debug|Any CPU = Debug|Any CPU
	ExportDebug|Any CPU = ExportDebug|Any CPU
	ExportRelease|Any CPU = ExportRelease|Any CPU
	EndGlobalSection
	GlobalSection(ProjectConfigurationPlatforms) = postSolution
		{A55A92B1-51D3-4F0B-A24B-C93DF62E82FC}.Debug|Any CPU.ActiveCfg = Debug|Any CPU
		{A55A92B1-51D3-4F0B-A24B-C93DF62E82FC}.Debug|Any CPU.Build.0 = Debug|Any CPU
		{A55A92B1-51D3-4F0B-A24B-C93DF62E82FC}.ExportDebug|Any CPU.ActiveCfg = ExportDebug|Any CPU
		{A55A92B1-51D3-4F0B-A24B-C93DF62E82FC}.ExportDebug|Any CPU.Build.0 = ExportDebug|Any CPU
		{A55A92B1-51D3-4F0B-A24B-C93DF62E82FC}.ExportRelease|Any CPU.ActiveCfg = ExportRelease|Any CPU
		{A55A92B1-51D3-4F0B-A24B-C93DF62E82FC}.ExportRelease|Any CPU.Build.0 = ExportRelease|Any CPU
	EndGlobalSection
EndGlobal
